// !$*UTF8*$!
{
	archiveVersion = 1;
	classes = {
	};
	objectVersion = 46;
	objects = {

/* Begin PBXBuildFile section */
		B7334212B367427E89A8407A /* libPods-encryption.a in Frameworks */ = {isa = PBXBuildFile; fileRef = 3E519699B5AD4F00B33B5E94 /* libPods-encryption.a */; };
		CD0EDC2419F9103E00020B4F /* PhotosViewController.swift in Sources */ = {isa = PBXBuildFile; fileRef = CD0EDC2319F9103E00020B4F /* PhotosViewController.swift */; };
		CD0EDC2619F9108500020B4F /* PhotoViewCell.swift in Sources */ = {isa = PBXBuildFile; fileRef = CD0EDC2519F9108500020B4F /* PhotoViewCell.swift */; };
		CD40DB1B19FA8C5D00845F01 /* CypherHelper.m in Sources */ = {isa = PBXBuildFile; fileRef = CD40DB1A19FA8C5D00845F01 /* CypherHelper.m */; };
		CD9DA29019F0FA4A00E81DB2 /* AppDelegate.swift in Sources */ = {isa = PBXBuildFile; fileRef = CD9DA28F19F0FA4A00E81DB2 /* AppDelegate.swift */; };
		CD9DA29219F0FA4A00E81DB2 /* ViewController.swift in Sources */ = {isa = PBXBuildFile; fileRef = CD9DA29119F0FA4A00E81DB2 /* ViewController.swift */; };
		CD9DA29519F0FA4A00E81DB2 /* Main.storyboard in Resources */ = {isa = PBXBuildFile; fileRef = CD9DA29319F0FA4A00E81DB2 /* Main.storyboard */; };
		CD9DA29719F0FA4A00E81DB2 /* Images.xcassets in Resources */ = {isa = PBXBuildFile; fileRef = CD9DA29619F0FA4A00E81DB2 /* Images.xcassets */; };
		CD9DA29A19F0FA4A00E81DB2 /* LaunchScreen.xib in Resources */ = {isa = PBXBuildFile; fileRef = CD9DA29819F0FA4A00E81DB2 /* LaunchScreen.xib */; };
		CD9DA2A619F0FA4A00E81DB2 /* encryptionTests.swift in Sources */ = {isa = PBXBuildFile; fileRef = CD9DA2A519F0FA4A00E81DB2 /* encryptionTests.swift */; };
		CDA6E82D1A0145F3005C7F3D /* ShareViewController.swift in Sources */ = {isa = PBXBuildFile; fileRef = CDA6E82C1A0145F3005C7F3D /* ShareViewController.swift */; };
		CDA6E82F1A0145F3005C7F3D /* MainInterface.storyboard in Resources */ = {isa = PBXBuildFile; fileRef = CDA6E82E1A0145F3005C7F3D /* MainInterface.storyboard */; };
		CDA6E8321A0145F3005C7F3D /* import.appex in Embed App Extensions */ = {isa = PBXBuildFile; fileRef = CDA6E8281A0145F2005C7F3D /* import.appex */; settings = {ATTRIBUTES = (RemoveHeadersOnCopy, ); }; };
		CDF26DDF19F8FAEF00E42808 /* Security.framework in Frameworks */ = {isa = PBXBuildFile; fileRef = CDF26DDE19F8FAEF00E42808 /* Security.framework */; };
		CDF26DE019F8FAF600E42808 /* Security.framework in Frameworks */ = {isa = PBXBuildFile; fileRef = CDF26DDE19F8FAEF00E42808 /* Security.framework */; };
		CDF26DE319F909E600E42808 /* MobileCoreServices.framework in Frameworks */ = {isa = PBXBuildFile; fileRef = CDF26DE219F909E600E42808 /* MobileCoreServices.framework */; };
		CDF26DE419F909F000E42808 /* MobileCoreServices.framework in Frameworks */ = {isa = PBXBuildFile; fileRef = CDF26DE219F909E600E42808 /* MobileCoreServices.framework */; };
		D10E30D619004CA18129DEC9 /* libPods-encryptionTests.a in Frameworks */ = {isa = PBXBuildFile; fileRef = AF6A52FC486347389B1E9863 /* libPods-encryptionTests.a */; };
/* End PBXBuildFile section */

/* Begin PBXContainerItemProxy section */
		CD9DA2A019F0FA4A00E81DB2 /* PBXContainerItemProxy */ = {
			isa = PBXContainerItemProxy;
			containerPortal = CD9DA28219F0FA4A00E81DB2 /* Project object */;
			proxyType = 1;
			remoteGlobalIDString = CD9DA28919F0FA4A00E81DB2;
			remoteInfo = encryption;
		};
		CDA6E8301A0145F3005C7F3D /* PBXContainerItemProxy */ = {
			isa = PBXContainerItemProxy;
			containerPortal = CD9DA28219F0FA4A00E81DB2 /* Project object */;
			proxyType = 1;
			remoteGlobalIDString = CDA6E8271A0145F2005C7F3D;
			remoteInfo = import;
		};
		CDA6E8331A0145F3005C7F3D /* PBXContainerItemProxy */ = {
			isa = PBXContainerItemProxy;
			containerPortal = CD9DA28219F0FA4A00E81DB2 /* Project object */;
			proxyType = 1;
			remoteGlobalIDString = CDA6E8271A0145F2005C7F3D;
			remoteInfo = import;
		};
/* End PBXContainerItemProxy section */

/* Begin PBXCopyFilesBuildPhase section */
		CDA6E8381A0145F3005C7F3D /* Embed App Extensions */ = {
			isa = PBXCopyFilesBuildPhase;
			buildActionMask = 2147483647;
			dstPath = "";
			dstSubfolderSpec = 13;
			files = (
				CDA6E8321A0145F3005C7F3D /* import.appex in Embed App Extensions */,
			);
			name = "Embed App Extensions";
			runOnlyForDeploymentPostprocessing = 0;
		};
/* End PBXCopyFilesBuildPhase section */

/* Begin PBXFileReference section */
		385158F2EB17C89A83971960 /* Pods-encryptionTests.release.xcconfig */ = {isa = PBXFileReference; includeInIndex = 1; lastKnownFileType = text.xcconfig; name = "Pods-encryptionTests.release.xcconfig"; path = "Pods/Target Support Files/Pods-encryptionTests/Pods-encryptionTests.release.xcconfig"; sourceTree = "<group>"; };
		3E519699B5AD4F00B33B5E94 /* libPods-encryption.a */ = {isa = PBXFileReference; explicitFileType = archive.ar; includeInIndex = 0; path = "libPods-encryption.a"; sourceTree = BUILT_PRODUCTS_DIR; };
		A68225384755157578D79D33 /* Pods-encryption.debug.xcconfig */ = {isa = PBXFileReference; includeInIndex = 1; lastKnownFileType = text.xcconfig; name = "Pods-encryption.debug.xcconfig"; path = "Pods/Target Support Files/Pods-encryption/Pods-encryption.debug.xcconfig"; sourceTree = "<group>"; };
		ACA67965BA707E2DE5785ACC /* Pods-encryption.release.xcconfig */ = {isa = PBXFileReference; includeInIndex = 1; lastKnownFileType = text.xcconfig; name = "Pods-encryption.release.xcconfig"; path = "Pods/Target Support Files/Pods-encryption/Pods-encryption.release.xcconfig"; sourceTree = "<group>"; };
		AF6A52FC486347389B1E9863 /* libPods-encryptionTests.a */ = {isa = PBXFileReference; explicitFileType = archive.ar; includeInIndex = 0; path = "libPods-encryptionTests.a"; sourceTree = BUILT_PRODUCTS_DIR; };
		CD0EDC2319F9103E00020B4F /* PhotosViewController.swift */ = {isa = PBXFileReference; fileEncoding = 4; lastKnownFileType = sourcecode.swift; path = PhotosViewController.swift; sourceTree = "<group>"; };
		CD0EDC2519F9108500020B4F /* PhotoViewCell.swift */ = {isa = PBXFileReference; fileEncoding = 4; lastKnownFileType = sourcecode.swift; path = PhotoViewCell.swift; sourceTree = "<group>"; };
		CD0EDC2819F926BD00020B4F /* Sec-Bridging-Header.h */ = {isa = PBXFileReference; fileEncoding = 4; lastKnownFileType = sourcecode.c.h; path = "Sec-Bridging-Header.h"; sourceTree = "<group>"; };
		CD40DB1A19FA8C5D00845F01 /* CypherHelper.m */ = {isa = PBXFileReference; fileEncoding = 4; lastKnownFileType = sourcecode.c.objc; path = CypherHelper.m; sourceTree = "<group>"; };
		CD40DB1C19FA8C7900845F01 /* CypherHelper.h */ = {isa = PBXFileReference; lastKnownFileType = sourcecode.c.h; path = CypherHelper.h; sourceTree = "<group>"; };
		CD93DE5F1A02689000F919CB /* import.entitlements */ = {isa = PBXFileReference; lastKnownFileType = text.xml; path = import.entitlements; sourceTree = "<group>"; };
		CD9DA28A19F0FA4A00E81DB2 /* encryption.app */ = {isa = PBXFileReference; explicitFileType = wrapper.application; includeInIndex = 0; path = encryption.app; sourceTree = BUILT_PRODUCTS_DIR; };
		CD9DA28E19F0FA4A00E81DB2 /* Info.plist */ = {isa = PBXFileReference; lastKnownFileType = text.plist.xml; path = Info.plist; sourceTree = "<group>"; };
		CD9DA28F19F0FA4A00E81DB2 /* AppDelegate.swift */ = {isa = PBXFileReference; lastKnownFileType = sourcecode.swift; path = AppDelegate.swift; sourceTree = "<group>"; };
		CD9DA29119F0FA4A00E81DB2 /* ViewController.swift */ = {isa = PBXFileReference; lastKnownFileType = sourcecode.swift; path = ViewController.swift; sourceTree = "<group>"; };
		CD9DA29419F0FA4A00E81DB2 /* Base */ = {isa = PBXFileReference; lastKnownFileType = file.storyboard; name = Base; path = Base.lproj/Main.storyboard; sourceTree = "<group>"; };
		CD9DA29619F0FA4A00E81DB2 /* Images.xcassets */ = {isa = PBXFileReference; lastKnownFileType = folder.assetcatalog; path = Images.xcassets; sourceTree = "<group>"; };
		CD9DA29919F0FA4A00E81DB2 /* Base */ = {isa = PBXFileReference; lastKnownFileType = file.xib; name = Base; path = Base.lproj/LaunchScreen.xib; sourceTree = "<group>"; };
		CD9DA29F19F0FA4A00E81DB2 /* encryptionTests.xctest */ = {isa = PBXFileReference; explicitFileType = wrapper.cfbundle; includeInIndex = 0; path = encryptionTests.xctest; sourceTree = BUILT_PRODUCTS_DIR; };
		CD9DA2A419F0FA4A00E81DB2 /* Info.plist */ = {isa = PBXFileReference; lastKnownFileType = text.plist.xml; path = Info.plist; sourceTree = "<group>"; };
		CD9DA2A519F0FA4A00E81DB2 /* encryptionTests.swift */ = {isa = PBXFileReference; lastKnownFileType = sourcecode.swift; path = encryptionTests.swift; sourceTree = "<group>"; };
		CDA6E8281A0145F2005C7F3D /* import.appex */ = {isa = PBXFileReference; explicitFileType = "wrapper.app-extension"; includeInIndex = 0; path = import.appex; sourceTree = BUILT_PRODUCTS_DIR; };
		CDA6E82B1A0145F3005C7F3D /* Info.plist */ = {isa = PBXFileReference; lastKnownFileType = text.plist.xml; path = Info.plist; sourceTree = "<group>"; };
		CDA6E82C1A0145F3005C7F3D /* ShareViewController.swift */ = {isa = PBXFileReference; lastKnownFileType = sourcecode.swift; path = ShareViewController.swift; sourceTree = "<group>"; };
		CDA6E82E1A0145F3005C7F3D /* MainInterface.storyboard */ = {isa = PBXFileReference; lastKnownFileType = file.storyboard; path = MainInterface.storyboard; sourceTree = "<group>"; };
		CDF26DDE19F8FAEF00E42808 /* Security.framework */ = {isa = PBXFileReference; lastKnownFileType = wrapper.framework; name = Security.framework; path = System/Library/Frameworks/Security.framework; sourceTree = SDKROOT; };
		CDF26DE219F909E600E42808 /* MobileCoreServices.framework */ = {isa = PBXFileReference; lastKnownFileType = wrapper.framework; name = MobileCoreServices.framework; path = System/Library/Frameworks/MobileCoreServices.framework; sourceTree = SDKROOT; };
		D71FA1378D00AF045754CADC /* Pods-encryptionTests.debug.xcconfig */ = {isa = PBXFileReference; includeInIndex = 1; lastKnownFileType = text.xcconfig; name = "Pods-encryptionTests.debug.xcconfig"; path = "Pods/Target Support Files/Pods-encryptionTests/Pods-encryptionTests.debug.xcconfig"; sourceTree = "<group>"; };
/* End PBXFileReference section */

/* Begin PBXFrameworksBuildPhase section */
		CD9DA28719F0FA4A00E81DB2 /* Frameworks */ = {
			isa = PBXFrameworksBuildPhase;
			buildActionMask = 2147483647;
			files = (
				CDF26DE319F909E600E42808 /* MobileCoreServices.framework in Frameworks */,
				CDF26DE019F8FAF600E42808 /* Security.framework in Frameworks */,
				B7334212B367427E89A8407A /* libPods-encryption.a in Frameworks */,
			);
			runOnlyForDeploymentPostprocessing = 0;
		};
		CD9DA29C19F0FA4A00E81DB2 /* Frameworks */ = {
			isa = PBXFrameworksBuildPhase;
			buildActionMask = 2147483647;
			files = (
				CDF26DE419F909F000E42808 /* MobileCoreServices.framework in Frameworks */,
				CDF26DDF19F8FAEF00E42808 /* Security.framework in Frameworks */,
				D10E30D619004CA18129DEC9 /* libPods-encryptionTests.a in Frameworks */,
			);
			runOnlyForDeploymentPostprocessing = 0;
		};
		CDA6E8251A0145F2005C7F3D /* Frameworks */ = {
			isa = PBXFrameworksBuildPhase;
			buildActionMask = 2147483647;
			files = (
			);
			runOnlyForDeploymentPostprocessing = 0;
		};
/* End PBXFrameworksBuildPhase section */

/* Begin PBXGroup section */
		094D36A85CB34B519513ACC7 /* Frameworks */ = {
			isa = PBXGroup;
			children = (
				3E519699B5AD4F00B33B5E94 /* libPods-encryption.a */,
				AF6A52FC486347389B1E9863 /* libPods-encryptionTests.a */,
			);
			name = Frameworks;
			sourceTree = "<group>";
		};
		CB072A51C48A65720C20C8F2 /* Pods */ = {
			isa = PBXGroup;
			children = (
				A68225384755157578D79D33 /* Pods-encryption.debug.xcconfig */,
				ACA67965BA707E2DE5785ACC /* Pods-encryption.release.xcconfig */,
				D71FA1378D00AF045754CADC /* Pods-encryptionTests.debug.xcconfig */,
				385158F2EB17C89A83971960 /* Pods-encryptionTests.release.xcconfig */,
			);
			name = Pods;
			sourceTree = "<group>";
		};
		CD9DA28119F0FA4A00E81DB2 = {
			isa = PBXGroup;
			children = (
				CD0EDC2819F926BD00020B4F /* Sec-Bridging-Header.h */,
				CDF26DE219F909E600E42808 /* MobileCoreServices.framework */,
				CDF26DDE19F8FAEF00E42808 /* Security.framework */,
				CD9DA28C19F0FA4A00E81DB2 /* encryption */,
				CD9DA2A219F0FA4A00E81DB2 /* encryptionTests */,
				CDA6E8291A0145F3005C7F3D /* import */,
				CD9DA28B19F0FA4A00E81DB2 /* Products */,
				094D36A85CB34B519513ACC7 /* Frameworks */,
				CB072A51C48A65720C20C8F2 /* Pods */,
			);
			sourceTree = "<group>";
		};
		CD9DA28B19F0FA4A00E81DB2 /* Products */ = {
			isa = PBXGroup;
			children = (
				CD9DA28A19F0FA4A00E81DB2 /* encryption.app */,
				CD9DA29F19F0FA4A00E81DB2 /* encryptionTests.xctest */,
				CDA6E8281A0145F2005C7F3D /* import.appex */,
			);
			name = Products;
			sourceTree = "<group>";
		};
		CD9DA28C19F0FA4A00E81DB2 /* encryption */ = {
			isa = PBXGroup;
			children = (
				CD9DA28F19F0FA4A00E81DB2 /* AppDelegate.swift */,
				CD9DA29119F0FA4A00E81DB2 /* ViewController.swift */,
				CD9DA29319F0FA4A00E81DB2 /* Main.storyboard */,
				CD9DA29619F0FA4A00E81DB2 /* Images.xcassets */,
				CD9DA29819F0FA4A00E81DB2 /* LaunchScreen.xib */,
				CD9DA28D19F0FA4A00E81DB2 /* Supporting Files */,
				CD0EDC2319F9103E00020B4F /* PhotosViewController.swift */,
				CD0EDC2519F9108500020B4F /* PhotoViewCell.swift */,
				CD40DB1A19FA8C5D00845F01 /* CypherHelper.m */,
				CD40DB1C19FA8C7900845F01 /* CypherHelper.h */,
			);
			path = encryption;
			sourceTree = "<group>";
		};
		CD9DA28D19F0FA4A00E81DB2 /* Supporting Files */ = {
			isa = PBXGroup;
			children = (
				CD9DA28E19F0FA4A00E81DB2 /* Info.plist */,
			);
			name = "Supporting Files";
			sourceTree = "<group>";
		};
		CD9DA2A219F0FA4A00E81DB2 /* encryptionTests */ = {
			isa = PBXGroup;
			children = (
				CD9DA2A519F0FA4A00E81DB2 /* encryptionTests.swift */,
				CD9DA2A319F0FA4A00E81DB2 /* Supporting Files */,
			);
			path = encryptionTests;
			sourceTree = "<group>";
		};
		CD9DA2A319F0FA4A00E81DB2 /* Supporting Files */ = {
			isa = PBXGroup;
			children = (
				CD9DA2A419F0FA4A00E81DB2 /* Info.plist */,
			);
			name = "Supporting Files";
			sourceTree = "<group>";
		};
		CDA6E8291A0145F3005C7F3D /* import */ = {
			isa = PBXGroup;
			children = (
				CD93DE5F1A02689000F919CB /* import.entitlements */,
				CDA6E82C1A0145F3005C7F3D /* ShareViewController.swift */,
				CDA6E82E1A0145F3005C7F3D /* MainInterface.storyboard */,
				CDA6E82A1A0145F3005C7F3D /* Supporting Files */,
			);
			path = import;
			sourceTree = "<group>";
		};
		CDA6E82A1A0145F3005C7F3D /* Supporting Files */ = {
			isa = PBXGroup;
			children = (
				CDA6E82B1A0145F3005C7F3D /* Info.plist */,
			);
			name = "Supporting Files";
			sourceTree = "<group>";
		};
/* End PBXGroup section */

/* Begin PBXNativeTarget section */
		CD9DA28919F0FA4A00E81DB2 /* encryption */ = {
			isa = PBXNativeTarget;
			buildConfigurationList = CD9DA2A919F0FA4A00E81DB2 /* Build configuration list for PBXNativeTarget "encryption" */;
			buildPhases = (
				476C7A1CD02246609AF1168C /* Check Pods Manifest.lock */,
				CD9DA28619F0FA4A00E81DB2 /* Sources */,
				CD9DA28719F0FA4A00E81DB2 /* Frameworks */,
				CD9DA28819F0FA4A00E81DB2 /* Resources */,
				FDDEBF9E969E479B98CE3FDF /* Copy Pods Resources */,
				CDA6E8381A0145F3005C7F3D /* Embed App Extensions */,
			);
			buildRules = (
			);
			dependencies = (
				CDA6E8311A0145F3005C7F3D /* PBXTargetDependency */,
				CDA6E8341A0145F3005C7F3D /* PBXTargetDependency */,
			);
			name = encryption;
			productName = encryption;
			productReference = CD9DA28A19F0FA4A00E81DB2 /* encryption.app */;
			productType = "com.apple.product-type.application";
		};
		CD9DA29E19F0FA4A00E81DB2 /* encryptionTests */ = {
			isa = PBXNativeTarget;
			buildConfigurationList = CD9DA2AC19F0FA4A00E81DB2 /* Build configuration list for PBXNativeTarget "encryptionTests" */;
			buildPhases = (
				F09BEDE52E0E45368093706D /* Check Pods Manifest.lock */,
				CD9DA29B19F0FA4A00E81DB2 /* Sources */,
				CD9DA29C19F0FA4A00E81DB2 /* Frameworks */,
				CD9DA29D19F0FA4A00E81DB2 /* Resources */,
				55E9346F580344DF91E2CA7D /* Copy Pods Resources */,
			);
			buildRules = (
			);
			dependencies = (
				CD9DA2A119F0FA4A00E81DB2 /* PBXTargetDependency */,
			);
			name = encryptionTests;
			productName = encryptionTests;
			productReference = CD9DA29F19F0FA4A00E81DB2 /* encryptionTests.xctest */;
			productType = "com.apple.product-type.bundle.unit-test";
		};
		CDA6E8271A0145F2005C7F3D /* import */ = {
			isa = PBXNativeTarget;
			buildConfigurationList = CDA6E8371A0145F3005C7F3D /* Build configuration list for PBXNativeTarget "import" */;
			buildPhases = (
				CDA6E8241A0145F2005C7F3D /* Sources */,
				CDA6E8251A0145F2005C7F3D /* Frameworks */,
				CDA6E8261A0145F2005C7F3D /* Resources */,
			);
			buildRules = (
			);
			dependencies = (
			);
			name = import;
			productName = import;
			productReference = CDA6E8281A0145F2005C7F3D /* import.appex */;
			productType = "com.apple.product-type.app-extension";
		};
/* End PBXNativeTarget section */

/* Begin PBXProject section */
		CD9DA28219F0FA4A00E81DB2 /* Project object */ = {
			isa = PBXProject;
			attributes = {
				LastUpgradeCheck = 0600;
				ORGANIZATIONNAME = DORMA;
				TargetAttributes = {
					CD9DA28919F0FA4A00E81DB2 = {
						CreatedOnToolsVersion = 6.0;
					};
					CD9DA29E19F0FA4A00E81DB2 = {
						CreatedOnToolsVersion = 6.0;
						TestTargetID = CD9DA28919F0FA4A00E81DB2;
					};
					CDA6E8271A0145F2005C7F3D = {
						CreatedOnToolsVersion = 6.0;
						DevelopmentTeam = BZT89T2UB8;
						SystemCapabilities = {
							com.apple.ApplicationGroups.iOS = {
								enabled = 1;
							};
						};
					};
				};
			};
			buildConfigurationList = CD9DA28519F0FA4A00E81DB2 /* Build configuration list for PBXProject "encryption" */;
			compatibilityVersion = "Xcode 3.2";
			developmentRegion = English;
			hasScannedForEncodings = 0;
			knownRegions = (
				en,
				Base,
			);
			mainGroup = CD9DA28119F0FA4A00E81DB2;
			productRefGroup = CD9DA28B19F0FA4A00E81DB2 /* Products */;
			projectDirPath = "";
			projectRoot = "";
			targets = (
				CD9DA28919F0FA4A00E81DB2 /* encryption */,
				CD9DA29E19F0FA4A00E81DB2 /* encryptionTests */,
				CDA6E8271A0145F2005C7F3D /* import */,
			);
		};
/* End PBXProject section */

/* Begin PBXResourcesBuildPhase section */
		CD9DA28819F0FA4A00E81DB2 /* Resources */ = {
			isa = PBXResourcesBuildPhase;
			buildActionMask = 2147483647;
			files = (
				CD9DA29519F0FA4A00E81DB2 /* Main.storyboard in Resources */,
				CD9DA29A19F0FA4A00E81DB2 /* LaunchScreen.xib in Resources */,
				CD9DA29719F0FA4A00E81DB2 /* Images.xcassets in Resources */,
			);
			runOnlyForDeploymentPostprocessing = 0;
		};
		CD9DA29D19F0FA4A00E81DB2 /* Resources */ = {
			isa = PBXResourcesBuildPhase;
			buildActionMask = 2147483647;
			files = (
			);
			runOnlyForDeploymentPostprocessing = 0;
		};
		CDA6E8261A0145F2005C7F3D /* Resources */ = {
			isa = PBXResourcesBuildPhase;
			buildActionMask = 2147483647;
			files = (
				CDA6E82F1A0145F3005C7F3D /* MainInterface.storyboard in Resources */,
			);
			runOnlyForDeploymentPostprocessing = 0;
		};
/* End PBXResourcesBuildPhase section */

/* Begin PBXShellScriptBuildPhase section */
		476C7A1CD02246609AF1168C /* Check Pods Manifest.lock */ = {
			isa = PBXShellScriptBuildPhase;
			buildActionMask = 2147483647;
			files = (
			);
			inputPaths = (
			);
			name = "Check Pods Manifest.lock";
			outputPaths = (
			);
			runOnlyForDeploymentPostprocessing = 0;
			shellPath = /bin/sh;
			shellScript = "diff \"${PODS_ROOT}/../Podfile.lock\" \"${PODS_ROOT}/Manifest.lock\" > /dev/null\nif [[ $? != 0 ]] ; then\n    cat << EOM\nerror: The sandbox is not in sync with the Podfile.lock. Run 'pod install' or update your CocoaPods installation.\nEOM\n    exit 1\nfi\n";
			showEnvVarsInLog = 0;
		};
		55E9346F580344DF91E2CA7D /* Copy Pods Resources */ = {
			isa = PBXShellScriptBuildPhase;
			buildActionMask = 2147483647;
			files = (
			);
			inputPaths = (
			);
			name = "Copy Pods Resources";
			outputPaths = (
			);
			runOnlyForDeploymentPostprocessing = 0;
			shellPath = /bin/sh;
			shellScript = "\"${SRCROOT}/Pods/Target Support Files/Pods-encryptionTests/Pods-encryptionTests-resources.sh\"\n";
			showEnvVarsInLog = 0;
		};
		F09BEDE52E0E45368093706D /* Check Pods Manifest.lock */ = {
			isa = PBXShellScriptBuildPhase;
			buildActionMask = 2147483647;
			files = (
			);
			inputPaths = (
			);
			name = "Check Pods Manifest.lock";
			outputPaths = (
			);
			runOnlyForDeploymentPostprocessing = 0;
			shellPath = /bin/sh;
			shellScript = "diff \"${PODS_ROOT}/../Podfile.lock\" \"${PODS_ROOT}/Manifest.lock\" > /dev/null\nif [[ $? != 0 ]] ; then\n    cat << EOM\nerror: The sandbox is not in sync with the Podfile.lock. Run 'pod install' or update your CocoaPods installation.\nEOM\n    exit 1\nfi\n";
			showEnvVarsInLog = 0;
		};
		FDDEBF9E969E479B98CE3FDF /* Copy Pods Resources */ = {
			isa = PBXShellScriptBuildPhase;
			buildActionMask = 2147483647;
			files = (
			);
			inputPaths = (
			);
			name = "Copy Pods Resources";
			outputPaths = (
			);
			runOnlyForDeploymentPostprocessing = 0;
			shellPath = /bin/sh;
			shellScript = "\"${SRCROOT}/Pods/Target Support Files/Pods-encryption/Pods-encryption-resources.sh\"\n";
			showEnvVarsInLog = 0;
		};
/* End PBXShellScriptBuildPhase section */

/* Begin PBXSourcesBuildPhase section */
		CD9DA28619F0FA4A00E81DB2 /* Sources */ = {
			isa = PBXSourcesBuildPhase;
			buildActionMask = 2147483647;
			files = (
				CD0EDC2419F9103E00020B4F /* PhotosViewController.swift in Sources */,
				CD9DA29219F0FA4A00E81DB2 /* ViewController.swift in Sources */,
				CD9DA29019F0FA4A00E81DB2 /* AppDelegate.swift in Sources */,
				CD0EDC2619F9108500020B4F /* PhotoViewCell.swift in Sources */,
				CD40DB1B19FA8C5D00845F01 /* CypherHelper.m in Sources */,
			);
			runOnlyForDeploymentPostprocessing = 0;
		};
		CD9DA29B19F0FA4A00E81DB2 /* Sources */ = {
			isa = PBXSourcesBuildPhase;
			buildActionMask = 2147483647;
			files = (
				CD9DA2A619F0FA4A00E81DB2 /* encryptionTests.swift in Sources */,
			);
			runOnlyForDeploymentPostprocessing = 0;
		};
		CDA6E8241A0145F2005C7F3D /* Sources */ = {
			isa = PBXSourcesBuildPhase;
			buildActionMask = 2147483647;
			files = (
				CDA6E82D1A0145F3005C7F3D /* ShareViewController.swift in Sources */,
			);
			runOnlyForDeploymentPostprocessing = 0;
		};
/* End PBXSourcesBuildPhase section */

/* Begin PBXTargetDependency section */
		CD9DA2A119F0FA4A00E81DB2 /* PBXTargetDependency */ = {
			isa = PBXTargetDependency;
			target = CD9DA28919F0FA4A00E81DB2 /* encryption */;
			targetProxy = CD9DA2A019F0FA4A00E81DB2 /* PBXContainerItemProxy */;
		};
		CDA6E8311A0145F3005C7F3D /* PBXTargetDependency */ = {
			isa = PBXTargetDependency;
			target = CDA6E8271A0145F2005C7F3D /* import */;
			targetProxy = CDA6E8301A0145F3005C7F3D /* PBXContainerItemProxy */;
		};
		CDA6E8341A0145F3005C7F3D /* PBXTargetDependency */ = {
			isa = PBXTargetDependency;
			target = CDA6E8271A0145F2005C7F3D /* import */;
			targetProxy = CDA6E8331A0145F3005C7F3D /* PBXContainerItemProxy */;
		};
/* End PBXTargetDependency section */

/* Begin PBXVariantGroup section */
		CD9DA29319F0FA4A00E81DB2 /* Main.storyboard */ = {
			isa = PBXVariantGroup;
			children = (
				CD9DA29419F0FA4A00E81DB2 /* Base */,
			);
			name = Main.storyboard;
			sourceTree = "<group>";
		};
		CD9DA29819F0FA4A00E81DB2 /* LaunchScreen.xib */ = {
			isa = PBXVariantGroup;
			children = (
				CD9DA29919F0FA4A00E81DB2 /* Base */,
			);
			name = LaunchScreen.xib;
			sourceTree = "<group>";
		};
/* End PBXVariantGroup section */

/* Begin XCBuildConfiguration section */
		CD9DA2A719F0FA4A00E81DB2 /* Debug */ = {
			isa = XCBuildConfiguration;
			buildSettings = {
				ALWAYS_SEARCH_USER_PATHS = NO;
				CLANG_CXX_LANGUAGE_STANDARD = "gnu++0x";
				CLANG_CXX_LIBRARY = "libc++";
				CLANG_ENABLE_MODULES = YES;
				CLANG_ENABLE_OBJC_ARC = YES;
				CLANG_WARN_BOOL_CONVERSION = YES;
				CLANG_WARN_CONSTANT_CONVERSION = YES;
				CLANG_WARN_DIRECT_OBJC_ISA_USAGE = YES_ERROR;
				CLANG_WARN_EMPTY_BODY = YES;
				CLANG_WARN_ENUM_CONVERSION = YES;
				CLANG_WARN_INT_CONVERSION = YES;
				CLANG_WARN_OBJC_ROOT_CLASS = YES_ERROR;
				CLANG_WARN_UNREACHABLE_CODE = YES;
				CLANG_WARN__DUPLICATE_METHOD_MATCH = YES;
				"CODE_SIGN_IDENTITY[sdk=iphoneos*]" = "iPhone Developer";
				COPY_PHASE_STRIP = NO;
				ENABLE_STRICT_OBJC_MSGSEND = YES;
				GCC_C_LANGUAGE_STANDARD = gnu99;
				GCC_DYNAMIC_NO_PIC = NO;
				GCC_OPTIMIZATION_LEVEL = 0;
				GCC_PREPROCESSOR_DEFINITIONS = (
					"DEBUG=1",
					"$(inherited)",
				);
				GCC_SYMBOLS_PRIVATE_EXTERN = NO;
				GCC_WARN_64_TO_32_BIT_CONVERSION = YES;
				GCC_WARN_ABOUT_RETURN_TYPE = YES_ERROR;
				GCC_WARN_UNDECLARED_SELECTOR = YES;
				GCC_WARN_UNINITIALIZED_AUTOS = YES_AGGRESSIVE;
				GCC_WARN_UNUSED_FUNCTION = YES;
				GCC_WARN_UNUSED_VARIABLE = YES;
				IPHONEOS_DEPLOYMENT_TARGET = 8.0;
				MTL_ENABLE_DEBUG_INFO = YES;
				ONLY_ACTIVE_ARCH = YES;
				SDKROOT = iphoneos;
				SWIFT_OBJC_BRIDGING_HEADER = "Sec-Briding-Header.h";
				SWIFT_OPTIMIZATION_LEVEL = "-Onone";
				TARGETED_DEVICE_FAMILY = "1,2";
			};
			name = Debug;
		};
		CD9DA2A819F0FA4A00E81DB2 /* Release */ = {
			isa = XCBuildConfiguration;
			buildSettings = {
				ALWAYS_SEARCH_USER_PATHS = NO;
				CLANG_CXX_LANGUAGE_STANDARD = "gnu++0x";
				CLANG_CXX_LIBRARY = "libc++";
				CLANG_ENABLE_MODULES = YES;
				CLANG_ENABLE_OBJC_ARC = YES;
				CLANG_WARN_BOOL_CONVERSION = YES;
				CLANG_WARN_CONSTANT_CONVERSION = YES;
				CLANG_WARN_DIRECT_OBJC_ISA_USAGE = YES_ERROR;
				CLANG_WARN_EMPTY_BODY = YES;
				CLANG_WARN_ENUM_CONVERSION = YES;
				CLANG_WARN_INT_CONVERSION = YES;
				CLANG_WARN_OBJC_ROOT_CLASS = YES_ERROR;
				CLANG_WARN_UNREACHABLE_CODE = YES;
				CLANG_WARN__DUPLICATE_METHOD_MATCH = YES;
				"CODE_SIGN_IDENTITY[sdk=iphoneos*]" = "iPhone Developer";
				COPY_PHASE_STRIP = YES;
				ENABLE_NS_ASSERTIONS = NO;
				ENABLE_STRICT_OBJC_MSGSEND = YES;
				GCC_C_LANGUAGE_STANDARD = gnu99;
				GCC_WARN_64_TO_32_BIT_CONVERSION = YES;
				GCC_WARN_ABOUT_RETURN_TYPE = YES_ERROR;
				GCC_WARN_UNDECLARED_SELECTOR = YES;
				GCC_WARN_UNINITIALIZED_AUTOS = YES_AGGRESSIVE;
				GCC_WARN_UNUSED_FUNCTION = YES;
				GCC_WARN_UNUSED_VARIABLE = YES;
				IPHONEOS_DEPLOYMENT_TARGET = 8.0;
				MTL_ENABLE_DEBUG_INFO = NO;
				SDKROOT = iphoneos;
				SWIFT_OBJC_BRIDGING_HEADER = "Sec-Briding-Header.h";
				TARGETED_DEVICE_FAMILY = "1,2";
				VALIDATE_PRODUCT = YES;
			};
			name = Release;
		};
		CD9DA2AA19F0FA4A00E81DB2 /* Debug */ = {
			isa = XCBuildConfiguration;
			baseConfigurationReference = A68225384755157578D79D33 /* Pods-encryption.debug.xcconfig */;
			buildSettings = {
				ASSETCATALOG_COMPILER_APPICON_NAME = AppIcon;
				INFOPLIST_FILE = encryption/Info.plist;
				IPHONEOS_DEPLOYMENT_TARGET = 7.0;
				LD_RUNPATH_SEARCH_PATHS = "$(inherited) @executable_path/Frameworks";
				PRODUCT_NAME = "$(TARGET_NAME)";
				SWIFT_OBJC_BRIDGING_HEADER = "Sec-Bridging-Header.h";
			};
			name = Debug;
		};
		CD9DA2AB19F0FA4A00E81DB2 /* Release */ = {
			isa = XCBuildConfiguration;
			baseConfigurationReference = ACA67965BA707E2DE5785ACC /* Pods-encryption.release.xcconfig */;
			buildSettings = {
				ASSETCATALOG_COMPILER_APPICON_NAME = AppIcon;
				INFOPLIST_FILE = encryption/Info.plist;
				IPHONEOS_DEPLOYMENT_TARGET = 7.0;
				LD_RUNPATH_SEARCH_PATHS = "$(inherited) @executable_path/Frameworks";
				PRODUCT_NAME = "$(TARGET_NAME)";
				SWIFT_OBJC_BRIDGING_HEADER = "Sec-Bridging-Header.h";
			};
			name = Release;
		};
		CD9DA2AD19F0FA4A00E81DB2 /* Debug */ = {
			isa = XCBuildConfiguration;
			baseConfigurationReference = D71FA1378D00AF045754CADC /* Pods-encryptionTests.debug.xcconfig */;
			buildSettings = {
				BUNDLE_LOADER = "$(TEST_HOST)";
				FRAMEWORK_SEARCH_PATHS = (
					"$(SDKROOT)/Developer/Library/Frameworks",
					"$(inherited)",
				);
				GCC_PREPROCESSOR_DEFINITIONS = (
					"DEBUG=1",
					"$(inherited)",
				);
				INFOPLIST_FILE = encryptionTests/Info.plist;
				LD_RUNPATH_SEARCH_PATHS = "$(inherited) @executable_path/Frameworks @loader_path/Frameworks";
				PRODUCT_NAME = "$(TARGET_NAME)";
				SWIFT_OBJC_BRIDGING_HEADER = "Sec-Bridging-Header.h";
				TEST_HOST = "$(BUILT_PRODUCTS_DIR)/encryption.app/encryption";
			};
			name = Debug;
		};
		CD9DA2AE19F0FA4A00E81DB2 /* Release */ = {
			isa = XCBuildConfiguration;
			baseConfigurationReference = 385158F2EB17C89A83971960 /* Pods-encryptionTests.release.xcconfig */;
			buildSettings = {
				BUNDLE_LOADER = "$(TEST_HOST)";
				FRAMEWORK_SEARCH_PATHS = (
					"$(SDKROOT)/Developer/Library/Frameworks",
					"$(inherited)",
				);
				INFOPLIST_FILE = encryptionTests/Info.plist;
				LD_RUNPATH_SEARCH_PATHS = "$(inherited) @executable_path/Frameworks @loader_path/Frameworks";
				PRODUCT_NAME = "$(TARGET_NAME)";
				SWIFT_OBJC_BRIDGING_HEADER = "Sec-Bridging-Header.h";
				TEST_HOST = "$(BUILT_PRODUCTS_DIR)/encryption.app/encryption";
			};
			name = Release;
		};
		CDA6E8351A0145F3005C7F3D /* Debug */ = {
			isa = XCBuildConfiguration;
			buildSettings = {
				CODE_SIGN_ENTITLEMENTS = import/import.entitlements;
				CODE_SIGN_IDENTITY = "iPhone Developer";
				"CODE_SIGN_IDENTITY[sdk=iphoneos*]" = "iPhone Developer";
				GCC_PREPROCESSOR_DEFINITIONS = (
					"DEBUG=1",
					"$(inherited)",
				);
				INFOPLIST_FILE = import/Info.plist;
				LD_RUNPATH_SEARCH_PATHS = "$(inherited) @executable_path/Frameworks @executable_path/../../Frameworks";
				PRODUCT_NAME = "$(TARGET_NAME)";
				PROVISIONING_PROFILE = "";
				SKIP_INSTALL = YES;
				SWIFT_OBJC_BRIDGING_HEADER = "";
			};
			name = Debug;
		};
		CDA6E8361A0145F3005C7F3D /* Release */ = {
			isa = XCBuildConfiguration;
			buildSettings = {
				CODE_SIGN_ENTITLEMENTS = import/import.entitlements;
				CODE_SIGN_IDENTITY = "iPhone Developer";
				"CODE_SIGN_IDENTITY[sdk=iphoneos*]" = "iPhone Developer";
				INFOPLIST_FILE = import/Info.plist;
				LD_RUNPATH_SEARCH_PATHS = "$(inherited) @executable_path/Frameworks @executable_path/../../Frameworks";
				PRODUCT_NAME = "$(TARGET_NAME)";
				PROVISIONING_PROFILE = "";
				SKIP_INSTALL = YES;
				SWIFT_OBJC_BRIDGING_HEADER = "";
			};
			name = Release;
		};
/* End XCBuildConfiguration section */

/* Begin XCConfigurationList section */
		CD9DA28519F0FA4A00E81DB2 /* Build configuration list for PBXProject "encryption" */ = {
			isa = XCConfigurationList;
			buildConfigurations = (
				CD9DA2A719F0FA4A00E81DB2 /* Debug */,
				CD9DA2A819F0FA4A00E81DB2 /* Release */,
			);
			defaultConfigurationIsVisible = 0;
			defaultConfigurationName = Release;
		};
		CD9DA2A919F0FA4A00E81DB2 /* Build configuration list for PBXNativeTarget "encryption" */ = {
			isa = XCConfigurationList;
			buildConfigurations = (
				CD9DA2AA19F0FA4A00E81DB2 /* Debug */,
				CD9DA2AB19F0FA4A00E81DB2 /* Release */,
			);
			defaultConfigurationIsVisible = 0;
			defaultConfigurationName = Release;
		};
		CD9DA2AC19F0FA4A00E81DB2 /* Build configuration list for PBXNativeTarget "encryptionTests" */ = {
			isa = XCConfigurationList;
			buildConfigurations = (
				CD9DA2AD19F0FA4A00E81DB2 /* Debug */,
				CD9DA2AE19F0FA4A00E81DB2 /* Release */,
			);
			defaultConfigurationIsVisible = 0;
			defaultConfigurationName = Release;
		};
		CDA6E8371A0145F3005C7F3D /* Build configuration list for PBXNativeTarget "import" */ = {
			isa = XCConfigurationList;
			buildConfigurations = (
				CDA6E8351A0145F3005C7F3D /* Debug */,
				CDA6E8361A0145F3005C7F3D /* Release */,
			);
			defaultConfigurationIsVisible = 0;
			defaultConfigurationName = Release;
		};
/* End XCConfigurationList section */
	};
	rootObject = CD9DA28219F0FA4A00E81DB2 /* Project object */;
}
